{
  "name": "editor",
  "version": "0.1.0",
  "lockfileVersion": 1,
  "requires": true,
  "dependencies": {
    "build-replica": {
      "version": "0.2.55",
      "resolved": "https://registry.npmjs.org/build-replica/-/build-replica-0.2.55.tgz",
      "integrity": "sha1-pHMKbOj12w3RoRKHdPDZOuZ3wrM=",
      "dev": true,
      "requires": {
        "uglify-js": "3.1.10",
        "ws": "1.1.5"
      }
    },
    "commander": {
      "version": "2.11.0",
      "resolved": "https://registry.npmjs.org/commander/-/commander-2.11.0.tgz",
      "integrity": "sha512-b0553uYA5YAEGgyYIGYROzKQ7X5RAqedkfjiZxwi0kL1g3bOaBNNZfYkzt/CL0umgD5wc9Jec2FbB98CjkMRvQ==",
      "dev": true
    },
    "options": {
      "version": "0.0.6",
      "resolved": "https://registry.npmjs.org/options/-/options-0.0.6.tgz",
      "integrity": "sha1-7CLTEoBrtT5zF3Pnza788cZDEo8=",
      "dev": true
    },
    "source-map": {
      "version": "0.6.1",
      "resolved": "https://registry.npmjs.org/source-map/-/source-map-0.6.1.tgz",
      "integrity": "sha512-UjgapumWlbMhkBgzT7Ykc5YXUT46F0iKu8SGXq0bcwP5dz/h0Plj6enJqjz1Zbq2l5WaqYnrVbwWOWMyF3F47g==",
      "dev": true
    },
    "uglify-js": {
      "version": "3.1.10",
      "resolved": "https://registry.npmjs.org/uglify-js/-/uglify-js-3.1.10.tgz",
      "integrity": "sha512-0ul3BWx79We0mIPM1l72oqpMtWL0TVMnKZZY6FaHPy3tDzCZGXeFxw5N1ZvtkmQsLI+ECR/tUQyIYbyHUcuvEw==",
      "dev": true,
      "requires": {
        "commander": "2.11.0",
        "source-map": "0.6.1"
      }
    },
    "ultron": {
      "version": "1.0.2",
      "resolved": "https://registry.npmjs.org/ultron/-/ultron-1.0.2.tgz",
      "integrity": "sha1-rOEWq1V80Zc4ak6I9GhTeMiy5Po=",
      "dev": true
    },
    "wabi": {
      "version": "0.9.9",
      "resolved": "https://registry.npmjs.org/wabi/-/wabi-0.9.9.tgz",
      "integrity": "sha1-xwAQe+25ie1hGR3WRyhAq8N5JR8="
    },
    "ws": {
      "version": "1.1.5",
      "resolved": "https://registry.npmjs.org/ws/-/ws-1.1.5.tgz",
      "integrity": "sha512-o3KqipXNUdS7wpQzBHSe180lBGO60SoK0yVo3CYJgb2MkobuWuBX6dhkYP5ORCLd55y+SaflMOV5fqAB53ux4w==",
      "dev": true,
      "requires": {
        "options": "0.0.6",
        "ultron": "1.0.2"
      }
    }
  }
}
